// !$*UTF8*$!
{
	archiveVersion = 1;
	classes = {
	};
	objectVersion = 50;
	objects = {

/* Begin PBXBuildFile section */
		9F937059233B6F3A008BE349 /* libarmadillo.9.70.2.dylib in Frameworks */ = {isa = PBXBuildFile; fileRef = 9F937058233B6F3A008BE349 /* libarmadillo.9.70.2.dylib */; settings = {ATTRIBUTES = (Required, ); }; };
		9FF2290A231D562E00EF06F1 /* main.cpp in Sources */ = {isa = PBXBuildFile; fileRef = 9FF22907231D562E00EF06F1 /* main.cpp */; };
		9FF2290E231F916900EF06F1 /* AAD.cpp in Sources */ = {isa = PBXBuildFile; fileRef = 9FF2290D231F916900EF06F1 /* AAD.cpp */; };
/* End PBXBuildFile section */

/* Begin PBXCopyFilesBuildPhase section */
		9FF228F8231D55D400EF06F1 /* CopyFiles */ = {
			isa = PBXCopyFilesBuildPhase;
			buildActionMask = 2147483647;
			dstPath = /usr/share/man/man1/;
			dstSubfolderSpec = 0;
			files = (
			);
			runOnlyForDeploymentPostprocessing = 1;
		};
/* End PBXCopyFilesBuildPhase section */

/* Begin PBXFileReference section */
		9F0B0E422337AC03009C35DD /* LMM.h */ = {isa = PBXFileReference; lastKnownFileType = sourcecode.c.h; path = LMM.h; sourceTree = "<group>"; };
		9F0B0E432338AE1E009C35DD /* utilities.h */ = {isa = PBXFileReference; lastKnownFileType = sourcecode.c.h; path = utilities.h; sourceTree = "<group>"; };
		9F746E69231FA126006DE0C4 /* AAD.h */ = {isa = PBXFileReference; lastKnownFileType = sourcecode.c.h; path = AAD.h; sourceTree = "<group>"; };
		9F746E6A231FB6A6006DE0C4 /* gaussians.h */ = {isa = PBXFileReference; lastKnownFileType = sourcecode.c.h; path = gaussians.h; sourceTree = "<group>"; };
		9F937058233B6F3A008BE349 /* libarmadillo.9.70.2.dylib */ = {isa = PBXFileReference; lastKnownFileType = "compiled.mach-o.dylib"; name = libarmadillo.9.70.2.dylib; path = ../../../../../../usr/local/Cellar/armadillo/9.700.2/lib/libarmadillo.9.70.2.dylib; sourceTree = "<group>"; };
		9FD1777D232F694800D6C6A2 /* swap.h */ = {isa = PBXFileReference; lastKnownFileType = sourcecode.c.h; path = swap.h; sourceTree = "<group>"; };
		9FDB0C31232278CF00B048BB /* Heston.h */ = {isa = PBXFileReference; fileEncoding = 4; lastKnownFileType = sourcecode.c.h; path = Heston.h; sourceTree = "<group>"; };
		9FDC5C4D2354BEA6006E42D1 /* div.h */ = {isa = PBXFileReference; lastKnownFileType = sourcecode.c.h; path = div.h; sourceTree = "<group>"; };
		9FF228FA231D55D400EF06F1 /* AAD */ = {isa = PBXFileReference; explicitFileType = "compiled.mach-o.executable"; includeInIndex = 0; path = AAD; sourceTree = BUILT_PRODUCTS_DIR; };
		9FF22905231D562E00EF06F1 /* number.h */ = {isa = PBXFileReference; fileEncoding = 4; lastKnownFileType = sourcecode.c.h; path = number.h; sourceTree = "<group>"; };
		9FF22907231D562E00EF06F1 /* main.cpp */ = {isa = PBXFileReference; fileEncoding = 4; lastKnownFileType = sourcecode.cpp.cpp; path = main.cpp; sourceTree = "<group>"; };
		9FF22908231D562E00EF06F1 /* blockList.h */ = {isa = PBXFileReference; fileEncoding = 4; lastKnownFileType = sourcecode.c.h; path = blockList.h; sourceTree = "<group>"; };
		9FF22909231D562E00EF06F1 /* node.h */ = {isa = PBXFileReference; fileEncoding = 4; lastKnownFileType = sourcecode.c.h; path = node.h; sourceTree = "<group>"; };
		9FF2290C231D57E600EF06F1 /* tape.h */ = {isa = PBXFileReference; lastKnownFileType = sourcecode.c.h; name = tape.h; path = /Users/Troels/Dropbox/Uni/Speciale/AAD/AAD/tape.h; sourceTree = "<absolute>"; };
		9FF2290D231F916900EF06F1 /* AAD.cpp */ = {isa = PBXFileReference; lastKnownFileType = sourcecode.cpp.cpp; name = AAD.cpp; path = /Users/Troels/Dropbox/Uni/Speciale/AAD/AAD/AAD.cpp; sourceTree = "<absolute>"; };
		9FF6D2AB232A6D6300B4CAED /* armadillo.hpp */ = {isa = PBXFileReference; fileEncoding = 4; lastKnownFileType = sourcecode.cpp.h; path = armadillo.hpp; sourceTree = "<group>"; };
		9FF6D2AC232A71B100B4CAED /* lsm.h */ = {isa = PBXFileReference; lastKnownFileType = sourcecode.c.h; path = lsm.h; sourceTree = "<group>"; };
		9FF6D2AD232A7CBC00B4CAED /* mrg32k3a.h */ = {isa = PBXFileReference; fileEncoding = 4; lastKnownFileType = sourcecode.c.h; path = mrg32k3a.h; sourceTree = "<group>"; };
		9FF6D2AE232BC9B700B4CAED /* vasicek.h */ = {isa = PBXFileReference; lastKnownFileType = sourcecode.c.h; path = vasicek.h; sourceTree = "<group>"; };
/* End PBXFileReference section */

/* Begin PBXFrameworksBuildPhase section */
		9F78B460232A646000972AF1 /* Frameworks */ = {
			isa = PBXFrameworksBuildPhase;
			buildActionMask = 2147483647;
			files = (
				9F937059233B6F3A008BE349 /* libarmadillo.9.70.2.dylib in Frameworks */,
			);
			runOnlyForDeploymentPostprocessing = 0;
		};
/* End PBXFrameworksBuildPhase section */

/* Begin PBXGroup section */
		9F8B4314232A4D6700119D18 /* Frameworks */ = {
			isa = PBXGroup;
			children = (
				9F937058233B6F3A008BE349 /* libarmadillo.9.70.2.dylib */,
			);
			name = Frameworks;
			sourceTree = "<group>";
		};
		9FF228F1231D55D400EF06F1 = {
			isa = PBXGroup;
			children = (
				9FF228FC231D55D400EF06F1 /* AAD */,
				9FF228FB231D55D400EF06F1 /* Products */,
				9F8B4314232A4D6700119D18 /* Frameworks */,
			);
			sourceTree = "<group>";
		};
		9FF228FB231D55D400EF06F1 /* Products */ = {
			isa = PBXGroup;
			children = (
				9FF228FA231D55D400EF06F1 /* AAD */,
			);
			name = Products;
			sourceTree = "<group>";
		};
		9FF228FC231D55D400EF06F1 /* AAD */ = {
			isa = PBXGroup;
			children = (
				9F0B0E432338AE1E009C35DD /* utilities.h */,
				9FDC5C4D2354BEA6006E42D1 /* div.h */,
				9FF6D2AD232A7CBC00B4CAED /* mrg32k3a.h */,
				9FF6D2AB232A6D6300B4CAED /* armadillo.hpp */,
				9FDB0C31232278CF00B048BB /* Heston.h */,
				9FF2290D231F916900EF06F1 /* AAD.cpp */,
				9F746E69231FA126006DE0C4 /* AAD.h */,
				9FF2290C231D57E600EF06F1 /* tape.h */,
				9FF22908231D562E00EF06F1 /* blockList.h */,
				9FF22909231D562E00EF06F1 /* node.h */,
				9FF22905231D562E00EF06F1 /* number.h */,
				9F746E6A231FB6A6006DE0C4 /* gaussians.h */,
				9FF6D2AC232A71B100B4CAED /* lsm.h */,
				9FF6D2AE232BC9B700B4CAED /* vasicek.h */,
				9FD1777D232F694800D6C6A2 /* swap.h */,
				9F0B0E422337AC03009C35DD /* LMM.h */,
				9FF22907231D562E00EF06F1 /* main.cpp */,
			);
			path = AAD;
			sourceTree = "<group>";
		};
/* End PBXGroup section */

/* Begin PBXNativeTarget section */
		9FF228F9231D55D400EF06F1 /* AAD */ = {
			isa = PBXNativeTarget;
			buildConfigurationList = 9FF22901231D55D400EF06F1 /* Build configuration list for PBXNativeTarget "AAD" */;
			buildPhases = (
				9FF228F6231D55D400EF06F1 /* Sources */,
				9FF228F8231D55D400EF06F1 /* CopyFiles */,
				9F78B460232A646000972AF1 /* Frameworks */,
			);
			buildRules = (
			);
			dependencies = (
			);
			name = AAD;
			productName = AAD;
			productReference = 9FF228FA231D55D400EF06F1 /* AAD */;
			productType = "com.apple.product-type.tool";
		};
/* End PBXNativeTarget section */

/* Begin PBXProject section */
		9FF228F2231D55D400EF06F1 /* Project object */ = {
			isa = PBXProject;
			attributes = {
				LastUpgradeCheck = 1100;
				ORGANIZATIONNAME = "Troels Tang Karlsen";
				TargetAttributes = {
					9FF228F9231D55D400EF06F1 = {
						CreatedOnToolsVersion = 10.3;
					};
				};
			};
			buildConfigurationList = 9FF228F5231D55D400EF06F1 /* Build configuration list for PBXProject "AAD" */;
			compatibilityVersion = "Xcode 9.3";
			developmentRegion = en;
			hasScannedForEncodings = 0;
			knownRegions = (
				en,
				Base,
			);
			mainGroup = 9FF228F1231D55D400EF06F1;
			productRefGroup = 9FF228FB231D55D400EF06F1 /* Products */;
			projectDirPath = "";
			projectRoot = "";
			targets = (
				9FF228F9231D55D400EF06F1 /* AAD */,
			);
		};
/* End PBXProject section */

/* Begin PBXSourcesBuildPhase section */
		9FF228F6231D55D400EF06F1 /* Sources */ = {
			isa = PBXSourcesBuildPhase;
			buildActionMask = 2147483647;
			files = (
				9FF2290E231F916900EF06F1 /* AAD.cpp in Sources */,
				9FF2290A231D562E00EF06F1 /* main.cpp in Sources */,
			);
			runOnlyForDeploymentPostprocessing = 0;
		};
/* End PBXSourcesBuildPhase section */

/* Begin XCBuildConfiguration section */
		9FF228FF231D55D400EF06F1 /* Debug */ = {
			isa = XCBuildConfiguration;
			buildSettings = {
				ALWAYS_SEARCH_USER_PATHS = NO;
				CLANG_ANALYZER_NONNULL = YES;
				CLANG_ANALYZER_NUMBER_OBJECT_CONVERSION = YES_AGGRESSIVE;
				CLANG_CXX_LANGUAGE_STANDARD = "c++17";
				CLANG_CXX_LIBRARY = "libc++";
				CLANG_ENABLE_MODULES = YES;
				CLANG_ENABLE_OBJC_ARC = YES;
				CLANG_ENABLE_OBJC_WEAK = YES;
				CLANG_WARN_BLOCK_CAPTURE_AUTORELEASING = YES;
				CLANG_WARN_BOOL_CONVERSION = YES;
				CLANG_WARN_COMMA = YES;
				CLANG_WARN_CONSTANT_CONVERSION = YES;
				CLANG_WARN_DEPRECATED_OBJC_IMPLEMENTATIONS = YES;
				CLANG_WARN_DIRECT_OBJC_ISA_USAGE = YES_ERROR;
				CLANG_WARN_DOCUMENTATION_COMMENTS = YES;
				CLANG_WARN_EMPTY_BODY = YES;
				CLANG_WARN_ENUM_CONVERSION = YES;
				CLANG_WARN_INFINITE_RECURSION = YES;
				CLANG_WARN_INT_CONVERSION = YES;
				CLANG_WARN_NON_LITERAL_NULL_CONVERSION = YES;
				CLANG_WARN_OBJC_IMPLICIT_RETAIN_SELF = YES;
				CLANG_WARN_OBJC_LITERAL_CONVERSION = YES;
				CLANG_WARN_OBJC_ROOT_CLASS = YES_ERROR;
				CLANG_WARN_RANGE_LOOP_ANALYSIS = YES;
				CLANG_WARN_STRICT_PROTOTYPES = YES;
				CLANG_WARN_SUSPICIOUS_MOVE = YES;
				CLANG_WARN_UNGUARDED_AVAILABILITY = YES_AGGRESSIVE;
				CLANG_WARN_UNREACHABLE_CODE = YES;
				CLANG_WARN__DUPLICATE_METHOD_MATCH = YES;
				CODE_SIGN_IDENTITY = "-";
				COPY_PHASE_STRIP = NO;
				DEBUG_INFORMATION_FORMAT = dwarf;
				ENABLE_STRICT_OBJC_MSGSEND = YES;
				ENABLE_TESTABILITY = YES;
				GCC_C_LANGUAGE_STANDARD = gnu11;
				GCC_DYNAMIC_NO_PIC = NO;
				GCC_NO_COMMON_BLOCKS = YES;
				GCC_OPTIMIZATION_LEVEL = 0;
				GCC_PREPROCESSOR_DEFINITIONS = (
					"DEBUG=1",
					"$(inherited)",
				);
				GCC_WARN_64_TO_32_BIT_CONVERSION = YES;
				GCC_WARN_ABOUT_RETURN_TYPE = YES_ERROR;
				GCC_WARN_UNDECLARED_SELECTOR = YES;
				GCC_WARN_UNINITIALIZED_AUTOS = YES_AGGRESSIVE;
				GCC_WARN_UNUSED_FUNCTION = YES;
				GCC_WARN_UNUSED_VARIABLE = YES;
				"HEADER_SEARCH_PATHS[arch=*]" = /usr/local/include;
				"LIBRARY_SEARCH_PATHS[arch=*]" = /usr/local/lib;
				MACOSX_DEPLOYMENT_TARGET = 10.14;
				MTL_ENABLE_DEBUG_INFO = INCLUDE_SOURCE;
				MTL_FAST_MATH = YES;
				ONLY_ACTIVE_ARCH = YES;
				SDKROOT = macosx;
			};
			name = Debug;
		};
		9FF22900231D55D400EF06F1 /* Release */ = {
			isa = XCBuildConfiguration;
			buildSettings = {
				ALWAYS_SEARCH_USER_PATHS = NO;
				CLANG_ANALYZER_NONNULL = YES;
				CLANG_ANALYZER_NUMBER_OBJECT_CONVERSION = YES_AGGRESSIVE;
				CLANG_CXX_LANGUAGE_STANDARD = "c++17";
				CLANG_CXX_LIBRARY = "libc++";
				CLANG_ENABLE_MODULES = YES;
				CLANG_ENABLE_OBJC_ARC = YES;
				CLANG_ENABLE_OBJC_WEAK = YES;
				CLANG_WARN_BLOCK_CAPTURE_AUTORELEASING = YES;
				CLANG_WARN_BOOL_CONVERSION = YES;
				CLANG_WARN_COMMA = YES;
				CLANG_WARN_CONSTANT_CONVERSION = YES;
				CLANG_WARN_DEPRECATED_OBJC_IMPLEMENTATIONS = YES;
				CLANG_WARN_DIRECT_OBJC_ISA_USAGE = YES_ERROR;
				CLANG_WARN_DOCUMENTATION_COMMENTS = YES;
				CLANG_WARN_EMPTY_BODY = YES;
				CLANG_WARN_ENUM_CONVERSION = YES;
				CLANG_WARN_INFINITE_RECURSION = YES;
				CLANG_WARN_INT_CONVERSION = YES;
				CLANG_WARN_NON_LITERAL_NULL_CONVERSION = YES;
				CLANG_WARN_OBJC_IMPLICIT_RETAIN_SELF = YES;
				CLANG_WARN_OBJC_LITERAL_CONVERSION = YES;
				CLANG_WARN_OBJC_ROOT_CLASS = YES_ERROR;
				CLANG_WARN_RANGE_LOOP_ANALYSIS = YES;
				CLANG_WARN_STRICT_PROTOTYPES = YES;
				CLANG_WARN_SUSPICIOUS_MOVE = YES;
				CLANG_WARN_UNGUARDED_AVAILABILITY = YES_AGGRESSIVE;
				CLANG_WARN_UNREACHABLE_CODE = YES;
				CLANG_WARN__DUPLICATE_METHOD_MATCH = YES;
				CODE_SIGN_IDENTITY = "-";
				COPY_PHASE_STRIP = NO;
				DEBUG_INFORMATION_FORMAT = "dwarf-with-dsym";
				ENABLE_NS_ASSERTIONS = NO;
				ENABLE_STRICT_OBJC_MSGSEND = YES;
				GCC_C_LANGUAGE_STANDARD = gnu11;
				GCC_NO_COMMON_BLOCKS = YES;
				GCC_WARN_64_TO_32_BIT_CONVERSION = YES;
				GCC_WARN_ABOUT_RETURN_TYPE = YES_ERROR;
				GCC_WARN_UNDECLARED_SELECTOR = YES;
				GCC_WARN_UNINITIALIZED_AUTOS = YES_AGGRESSIVE;
				GCC_WARN_UNUSED_FUNCTION = YES;
				GCC_WARN_UNUSED_VARIABLE = YES;
				MACOSX_DEPLOYMENT_TARGET = 10.14;
				MTL_ENABLE_DEBUG_INFO = NO;
				MTL_FAST_MATH = YES;
				SDKROOT = macosx;
			};
			name = Release;
		};
		9FF22902231D55D400EF06F1 /* Debug */ = {
			isa = XCBuildConfiguration;
			buildSettings = {
				CODE_SIGN_IDENTITY = "-";
				CODE_SIGN_STYLE = Automatic;
				HEADER_SEARCH_PATHS = "";
				LIBRARY_SEARCH_PATHS = /usr/local/Cellar/armadillo/9.700.2/lib;
				OTHER_LDFLAGS = "";
				PRODUCT_NAME = "$(TARGET_NAME)";
			};
			name = Debug;
		};
		9FF22903231D55D400EF06F1 /* Release */ = {
			isa = XCBuildConfiguration;
			buildSettings = {
				CODE_SIGN_IDENTITY = "-";
				CODE_SIGN_STYLE = Automatic;
				LIBRARY_SEARCH_PATHS = /usr/local/Cellar/armadillo/9.700.2/lib;
				OTHER_LDFLAGS = "";
				PRODUCT_NAME = "$(TARGET_NAME)";
			};
			name = Release;
		};
/* End XCBuildConfiguration section */

/* Begin XCConfigurationList section */
		9FF228F5231D55D400EF06F1 /* Build configuration list for PBXProject "AAD" */ = {
			isa = XCConfigurationList;
			buildConfigurations = (
				9FF228FF231D55D400EF06F1 /* Debug */,
				9FF22900231D55D400EF06F1 /* Release */,
			);
			defaultConfigurationIsVisible = 0;
			defaultConfigurationName = Release;
		};
		9FF22901231D55D400EF06F1 /* Build configuration list for PBXNativeTarget "AAD" */ = {
			isa = XCConfigurationList;
			buildConfigurations = (
				9FF22902231D55D400EF06F1 /* Debug */,
				9FF22903231D55D400EF06F1 /* Release */,
			);
			defaultConfigurationIsVisible = 0;
			defaultConfigurationName = Release;
		};
/* End XCConfigurationList section */
	};
	rootObject = 9FF228F2231D55D400EF06F1 /* Project object */;
}
